<?xml version="1.0" encoding="utf-8"?>
<Project ToolsVersion="4.0" xmlns="http://schemas.microsoft.com/developer/msbuild/2003">
  <ItemGroup>
    <Filter Include="Common">
      <UniqueIdentifier>341057b0-a6a6-42cf-aec9-faeb98b61450</UniqueIdentifier>
    </Filter>
    <Filter Include="Assets">
      <UniqueIdentifier>e7ab3794-66d3-4a6e-9286-02a1857bffe1</UniqueIdentifier>
    </Filter>
    <Page Include="Common\StandardStyles.xaml">
      <Filter>Common</Filter>
    </Page>
    <Image Include="Assets\Logo.png">
      <Filter>Assets</Filter>
    </Image>
    <Image Include="Assets\SmallLogo.png">
      <Filter>Assets</Filter>
    </Image>
    <Image Include="Assets\StoreLogo.png">
      <Filter>Assets</Filter>
    </Image>
    <Image Include="Assets\SplashScreen.png">
      <Filter>Assets</Filter>
    </Image>
  </ItemGroup>
  <ItemGroup>
    <ApplicationDefinition Include="App.xaml" />
  </ItemGroup>
  <ItemGroup>
    <ClCompile Include="DirectXBase.cpp" />
    <ClCompile Include="App.xaml.cpp" />
    <ClCompile Include="DirectXPage.xaml.cpp" />
    <ClCompile Include="pch.cpp" />
    <ClCompile Include=".\MetronoidRenderer.cpp" />
    <ClCompile Include="Game\GameObject.cpp" />
    <ClCompile Include="Game\Paddle.cpp" />
    <ClCompile Include="Game\Game.cpp" />
    <ClCompile Include="Game\Ball.cpp" />
    <ClCompile Include="Game\Brick.cpp" />
  </ItemGroup>
  <ItemGroup>
    <ClInclude Include="pch.h" />
    <ClInclude Include="App.xaml.h" />
    <ClInclude Include="DirectXPage.xaml.h" />
    <ClInclude Include="BasicTimer.h" />
    <ClInclude Include="DirectXHelper.h" />
    <ClInclude Include="DirectXBase.h" />
    <ClInclude Include=".\MetronoidRenderer.h" />
    <ClInclude Include="Geometry\Point.h" />
    <ClInclude Include="Geometry\Vector.h" />
    <ClInclude Include="Game\GameObject.h" />
    <ClInclude Include=".\Interfaces\IMetronoidRenderer.h" />
    <ClInclude Include="Geometry\Rect.h" />
    <ClInclude Include="Geometry\Size.h" />
    <ClInclude Include="Game\Paddle.h" />
    <ClInclude Include="Game\Game.h" />
    <ClInclude Include="Game\Ball.h" />
    <ClInclude Include="Game\GameObjectType.h" />
    <ClInclude Include=".\Game\ShapeType.h" />
    <ClInclude Include="Game\Brick.h" />
    <ClInclude Include=".\core.h" />
    <ClInclude Include="Game\GameState.h" />
  </ItemGroup>
  <ItemGroup>
    <AppxManifest Include="Package.appxmanifest" />
  </ItemGroup>
  <ItemGroup>
    <None Include="Metronoid_TemporaryKey.pfx" />
  </ItemGroup>
  <ItemGroup>
    <Page Include="DirectXPage.xaml" />
  </ItemGroup>
</Project>